github.com/daulet/tokenizers v1.27.0 h1:MmFYAEDFz69s/nNQfHg59DWqHz3v94m99kEZ/JbL+s4=
github.com/daulet/tokenizers v1.27.0/go.mod h1:YjFY1o1HGMyWkQgbXJDghhvke/yFDp2vGdIO2hYs4MQ=
github.com/yalue/onnxruntime_go v1.30.1 h1:NaEng5lWbsHZ/8X1dtaw1mIj7eV1ozyjbFo//g0ktl4=
github.com/yalue/onnxruntime_go v1.30.1/go.mod h1:b4X26A8pekNb1ACJ58wAXgNKeUCGEAQ9dmACut9Sm/4=
